
Microsoft Visual Studio Solution File, Format Version 12.00
# Visual Studio Version 17
VisualStudioVersion = 17.1.32319.34
MinimumVisualStudioVersion = 10.0.40219.1
Project("{FAE04EC0-301F-11D3-BF4B-00C04F79EFBC}") = "LR3(algoritms)", "LR3(algoritms)\LR3(algoritms).csproj", "{30B1159E-34F5-4DB8-88C9-C5D0642087FB}"
EndProject
Global
	GlobalSection(SolutionConfigurationPlatforms) = preSolution
		Debug|Any CPU = Debug|Any CPU
		Release|Any CPU = Release|Any CPU
	EndGlobalSection
	GlobalSection(ProjectConfigurationPlatforms) = postSolution
		{30B1159E-34F5-4DB8-88C9-C5D0642087FB}.Debug|Any CPU.ActiveCfg = Debug|Any CPU
		{30B1159E-34F5-4DB8-88C9-C5D0642087FB}.Debug|Any CPU.Build.0 = Debug|Any CPU
		{30B1159E-34F5-4DB8-88C9-C5D0642087FB}.Release|Any CPU.ActiveCfg = Release|Any CPU
		{30B1159E-34F5-4DB8-88C9-C5D0642087FB}.Release|Any CPU.Build.0 = Release|Any CPU
	EndGlobalSection
	GlobalSection(SolutionProperties) = preSolution
		HideSolutionNode = FALSE
	EndGlobalSection
	GlobalSection(ExtensibilityGlobals) = postSolution
		SolutionGuid = {17BB7AE2-11DB-40E5-A64B-FA5737FD6959}
	EndGlobalSection
EndGlobal
